
Microsoft Visual Studio Solution File, Format Version 12.00
# Visual Studio 15
VisualStudioVersion = 15.0.28307.421
MinimumVisualStudioVersion = 10.0.40219.1
Project("{FAE04EC0-301F-11D3-BF4B-00C04F79EFBC}") = "DigiRite", "DigiRite.csproj", "{45480F0A-3C72-45F1-B3D1-F6BDFDD040C0}"
EndProject
Project("{8BC9CEB8-8B4A-11D0-8D11-00A0C91BC942}") = "Register", "Register\Register.vcxproj", "{E7532A90-E8E5-4D02-9008-78A3BEC5F9CC}"
EndProject
Project("{FAE04EC0-301F-11D3-BF4B-00C04F79EFBC}") = "DigiRiteLogger", "DigiRiteLogger\DigiRiteLogger.csproj", "{23B67EC2-AC1E-4849-B431-231641E3D85B}"
EndProject
Project("{930C7802-8A8C-48F9-8165-68863BCCD9DD}") = "InstallDigiRite", "InstallDigiRite\InstallDigiRite.wixproj", "{F7D23E9C-70D0-4057-9882-2B87C314FEDF}"
	ProjectSection(ProjectDependencies) = postProject
		{45480F0A-3C72-45F1-B3D1-F6BDFDD040C0} = {45480F0A-3C72-45F1-B3D1-F6BDFDD040C0}
		{23B67EC2-AC1E-4849-B431-231641E3D85B} = {23B67EC2-AC1E-4849-B431-231641E3D85B}
	EndProjectSection
EndProject
Global
	GlobalSection(SolutionConfigurationPlatforms) = preSolution
		Debug|x64 = Debug|x64
		Debug|x86 = Debug|x86
		Release|x64 = Release|x64
		Release|x86 = Release|x86
	EndGlobalSection
	GlobalSection(ProjectConfigurationPlatforms) = postSolution
		{45480F0A-3C72-45F1-B3D1-F6BDFDD040C0}.Debug|x64.ActiveCfg = Debug|x64
		{45480F0A-3C72-45F1-B3D1-F6BDFDD040C0}.Debug|x64.Build.0 = Debug|x64
		{45480F0A-3C72-45F1-B3D1-F6BDFDD040C0}.Debug|x86.ActiveCfg = Debug|x86
		{45480F0A-3C72-45F1-B3D1-F6BDFDD040C0}.Debug|x86.Build.0 = Debug|x86
		{45480F0A-3C72-45F1-B3D1-F6BDFDD040C0}.Release|x64.ActiveCfg = Release|x64
		{45480F0A-3C72-45F1-B3D1-F6BDFDD040C0}.Release|x64.Build.0 = Release|x64
		{45480F0A-3C72-45F1-B3D1-F6BDFDD040C0}.Release|x86.ActiveCfg = Release|x86
		{45480F0A-3C72-45F1-B3D1-F6BDFDD040C0}.Release|x86.Build.0 = Release|x86
		{E7532A90-E8E5-4D02-9008-78A3BEC5F9CC}.Debug|x64.ActiveCfg = Debug|x64
		{E7532A90-E8E5-4D02-9008-78A3BEC5F9CC}.Debug|x64.Build.0 = Debug|x64
		{E7532A90-E8E5-4D02-9008-78A3BEC5F9CC}.Debug|x86.ActiveCfg = Debug|Win32
		{E7532A90-E8E5-4D02-9008-78A3BEC5F9CC}.Debug|x86.Build.0 = Debug|Win32
		{E7532A90-E8E5-4D02-9008-78A3BEC5F9CC}.Release|x64.ActiveCfg = Release|x64
		{E7532A90-E8E5-4D02-9008-78A3BEC5F9CC}.Release|x64.Build.0 = Release|x64
		{E7532A90-E8E5-4D02-9008-78A3BEC5F9CC}.Release|x86.ActiveCfg = Release|Win32
		{E7532A90-E8E5-4D02-9008-78A3BEC5F9CC}.Release|x86.Build.0 = Release|Win32
		{23B67EC2-AC1E-4849-B431-231641E3D85B}.Debug|x64.ActiveCfg = Debug|x64
		{23B67EC2-AC1E-4849-B431-231641E3D85B}.Debug|x64.Build.0 = Debug|x64
		{23B67EC2-AC1E-4849-B431-231641E3D85B}.Debug|x86.ActiveCfg = Debug|x86
		{23B67EC2-AC1E-4849-B431-231641E3D85B}.Debug|x86.Build.0 = Debug|x86
		{23B67EC2-AC1E-4849-B431-231641E3D85B}.Release|x64.ActiveCfg = Release|x64
		{23B67EC2-AC1E-4849-B431-231641E3D85B}.Release|x64.Build.0 = Release|x64
		{23B67EC2-AC1E-4849-B431-231641E3D85B}.Release|x86.ActiveCfg = Release|x86
		{23B67EC2-AC1E-4849-B431-231641E3D85B}.Release|x86.Build.0 = Release|x86
		{F7D23E9C-70D0-4057-9882-2B87C314FEDF}.Debug|x64.ActiveCfg = Debug|x86
		{F7D23E9C-70D0-4057-9882-2B87C314FEDF}.Debug|x86.ActiveCfg = Debug|x86
		{F7D23E9C-70D0-4057-9882-2B87C314FEDF}.Release|x64.ActiveCfg = Release|x86
		{F7D23E9C-70D0-4057-9882-2B87C314FEDF}.Release|x86.ActiveCfg = Release|x86
		{F7D23E9C-70D0-4057-9882-2B87C314FEDF}.Release|x86.Build.0 = Release|x86
	EndGlobalSection
	GlobalSection(SolutionProperties) = preSolution
		HideSolutionNode = FALSE
	EndGlobalSection
	GlobalSection(ExtensibilityGlobals) = postSolution
		SolutionGuid = {BE2E71E3-49D8-4248-8E78-49B2F2B5EF6B}
	EndGlobalSection
EndGlobal
